
Microsoft Visual Studio Solution File, Format Version 12.00
# Visual Studio Version 17
VisualStudioVersion = 17.11.35327.3
MinimumVisualStudioVersion = 10.0.40219.1
Project("{9A19103F-16F7-4668-BE54-9A1E7A4F7556}") = "Project.Management.Web", "Project.Management.Web\Project.Management.Web.csproj", "{1ABB706B-3707-4D78-B7C7-15F2D6299480}"
EndProject
Project("{FAE04EC0-301F-11D3-BF4B-00C04F79EFBC}") = "Project.Management.Api", "Project.Management.Api\Project.Management.Api.csproj", "{40ACBEB0-076B-4DB6-AD89-05F3349EE9C8}"
EndProject
Project("{FAE04EC0-301F-11D3-BF4B-00C04F79EFBC}") = "Project.Managemet.Domain", "Project.Managemet.Domain\Project.Managemet.Domain.csproj", "{BB4F4D0D-119C-4545-8033-D3520E717460}"
EndProject
Global
	GlobalSection(SolutionConfigurationPlatforms) = preSolution
		Debug|Any CPU = Debug|Any CPU
		Release|Any CPU = Release|Any CPU
	EndGlobalSection
	GlobalSection(ProjectConfigurationPlatforms) = postSolution
		{1ABB706B-3707-4D78-B7C7-15F2D6299480}.Debug|Any CPU.ActiveCfg = Debug|Any CPU
		{1ABB706B-3707-4D78-B7C7-15F2D6299480}.Debug|Any CPU.Build.0 = Debug|Any CPU
		{1ABB706B-3707-4D78-B7C7-15F2D6299480}.Release|Any CPU.ActiveCfg = Release|Any CPU
		{1ABB706B-3707-4D78-B7C7-15F2D6299480}.Release|Any CPU.Build.0 = Release|Any CPU
		{40ACBEB0-076B-4DB6-AD89-05F3349EE9C8}.Debug|Any CPU.ActiveCfg = Debug|Any CPU
		{40ACBEB0-076B-4DB6-AD89-05F3349EE9C8}.Debug|Any CPU.Build.0 = Debug|Any CPU
		{40ACBEB0-076B-4DB6-AD89-05F3349EE9C8}.Release|Any CPU.ActiveCfg = Release|Any CPU
		{40ACBEB0-076B-4DB6-AD89-05F3349EE9C8}.Release|Any CPU.Build.0 = Release|Any CPU
		{BB4F4D0D-119C-4545-8033-D3520E717460}.Debug|Any CPU.ActiveCfg = Debug|Any CPU
		{BB4F4D0D-119C-4545-8033-D3520E717460}.Debug|Any CPU.Build.0 = Debug|Any CPU
		{BB4F4D0D-119C-4545-8033-D3520E717460}.Release|Any CPU.ActiveCfg = Release|Any CPU
		{BB4F4D0D-119C-4545-8033-D3520E717460}.Release|Any CPU.Build.0 = Release|Any CPU
	EndGlobalSection
	GlobalSection(SolutionProperties) = preSolution
		HideSolutionNode = FALSE
	EndGlobalSection
	GlobalSection(ExtensibilityGlobals) = postSolution
		SolutionGuid = {DB2378BE-49A1-49D5-A8D5-65794EF8BD38}
	EndGlobalSection
EndGlobal
